
Microsoft Visual Studio Solution File, Format Version 12.00
# Visual Studio Version 16
VisualStudioVersion = 16.0.29609.76
MinimumVisualStudioVersion = 10.0.40219.1
Project("{FAE04EC0-301F-11D3-BF4B-00C04F79EFBC}") = "SBUSReader", "SBUSReader\SBUSReader.csproj", "{C495A266-ED43-4295-88CF-FFF08D8058D7}"
EndProject
Project("{FAE04EC0-301F-11D3-BF4B-00C04F79EFBC}") = "VJoyFeeder", "VJoyFeeder\VJoyFeeder.csproj", "{2BA8FD34-5F87-4A90-BA23-3DEE462AE260}"
EndProject
Global
	GlobalSection(SolutionConfigurationPlatforms) = preSolution
		Debug|Any CPU = Debug|Any CPU
		Release|Any CPU = Release|Any CPU
	EndGlobalSection
	GlobalSection(ProjectConfigurationPlatforms) = postSolution
		{C495A266-ED43-4295-88CF-FFF08D8058D7}.Debug|Any CPU.ActiveCfg = Debug|Any CPU
		{C495A266-ED43-4295-88CF-FFF08D8058D7}.Debug|Any CPU.Build.0 = Debug|Any CPU
		{C495A266-ED43-4295-88CF-FFF08D8058D7}.Release|Any CPU.ActiveCfg = Release|Any CPU
		{C495A266-ED43-4295-88CF-FFF08D8058D7}.Release|Any CPU.Build.0 = Release|Any CPU
		{2BA8FD34-5F87-4A90-BA23-3DEE462AE260}.Debug|Any CPU.ActiveCfg = Debug|Any CPU
		{2BA8FD34-5F87-4A90-BA23-3DEE462AE260}.Debug|Any CPU.Build.0 = Debug|Any CPU
		{2BA8FD34-5F87-4A90-BA23-3DEE462AE260}.Release|Any CPU.ActiveCfg = Release|Any CPU
		{2BA8FD34-5F87-4A90-BA23-3DEE462AE260}.Release|Any CPU.Build.0 = Release|Any CPU
	EndGlobalSection
	GlobalSection(SolutionProperties) = preSolution
		HideSolutionNode = FALSE
	EndGlobalSection
	GlobalSection(ExtensibilityGlobals) = postSolution
		SolutionGuid = {9252F7F4-9F41-450F-A593-4DFF10532B5C}
	EndGlobalSection
EndGlobal
